// !$*UTF8*$!
{
	archiveVersion = 1;
	classes = {
	};
	objectVersion = 50;
	objects = {

/* Begin PBXBuildFile section */
		34310B76252D4C1E004446D2 /* LearnSwiftUIApp.swift in Sources */ = {isa = PBXBuildFile; fileRef = 34310B75252D4C1E004446D2 /* LearnSwiftUIApp.swift */; };
		34310B7A252D4C1F004446D2 /* Assets.xcassets in Resources */ = {isa = PBXBuildFile; fileRef = 34310B79252D4C1F004446D2 /* Assets.xcassets */; };
		34310B7D252D4C1F004446D2 /* Preview Assets.xcassets in Resources */ = {isa = PBXBuildFile; fileRef = 34310B7C252D4C1F004446D2 /* Preview Assets.xcassets */; };
		34310B87252D4C9A004446D2 /* ViewA.swift in Sources */ = {isa = PBXBuildFile; fileRef = 34310B86252D4C9A004446D2 /* ViewA.swift */; };
		34310B8B252D4E53004446D2 /* View+Extensions.swift in Sources */ = {isa = PBXBuildFile; fileRef = 34310B8A252D4E53004446D2 /* View+Extensions.swift */; };
		34310B8E252D4ED6004446D2 /* ViewB.swift in Sources */ = {isa = PBXBuildFile; fileRef = 34310B8D252D4ED6004446D2 /* ViewB.swift */; };
		34310B91252D4F37004446D2 /* ViewC.swift in Sources */ = {isa = PBXBuildFile; fileRef = 34310B90252D4F37004446D2 /* ViewC.swift */; };
/* End PBXBuildFile section */

/* Begin PBXFileReference section */
		34310B72252D4C1D004446D2 /* LearnSwiftUI.app */ = {isa = PBXFileReference; explicitFileType = wrapper.application; includeInIndex = 0; path = LearnSwiftUI.app; sourceTree = BUILT_PRODUCTS_DIR; };
		34310B75252D4C1E004446D2 /* LearnSwiftUIApp.swift */ = {isa = PBXFileReference; lastKnownFileType = sourcecode.swift; path = LearnSwiftUIApp.swift; sourceTree = "<group>"; };
		34310B79252D4C1F004446D2 /* Assets.xcassets */ = {isa = PBXFileReference; lastKnownFileType = folder.assetcatalog; path = Assets.xcassets; sourceTree = "<group>"; };
		34310B7C252D4C1F004446D2 /* Preview Assets.xcassets */ = {isa = PBXFileReference; lastKnownFileType = folder.assetcatalog; path = "Preview Assets.xcassets"; sourceTree = "<group>"; };
		34310B7E252D4C1F004446D2 /* Info.plist */ = {isa = PBXFileReference; lastKnownFileType = text.plist.xml; path = Info.plist; sourceTree = "<group>"; };
		34310B86252D4C9A004446D2 /* ViewA.swift */ = {isa = PBXFileReference; lastKnownFileType = sourcecode.swift; path = ViewA.swift; sourceTree = "<group>"; };
		34310B8A252D4E53004446D2 /* View+Extensions.swift */ = {isa = PBXFileReference; lastKnownFileType = sourcecode.swift; path = "View+Extensions.swift"; sourceTree = "<group>"; };
		34310B8D252D4ED6004446D2 /* ViewB.swift */ = {isa = PBXFileReference; lastKnownFileType = sourcecode.swift; path = ViewB.swift; sourceTree = "<group>"; };
		34310B90252D4F37004446D2 /* ViewC.swift */ = {isa = PBXFileReference; lastKnownFileType = sourcecode.swift; path = ViewC.swift; sourceTree = "<group>"; };
/* End PBXFileReference section */

/* Begin PBXFrameworksBuildPhase section */
		34310B6F252D4C1D004446D2 /* Frameworks */ = {
			isa = PBXFrameworksBuildPhase;
			buildActionMask = 2147483647;
			files = (
			);
			runOnlyForDeploymentPostprocessing = 0;
		};
/* End PBXFrameworksBuildPhase section */

/* Begin PBXGroup section */
		34310B69252D4C1D004446D2 = {
			isa = PBXGroup;
			children = (
				34310B74252D4C1D004446D2 /* LearnSwiftUI */,
				34310B73252D4C1D004446D2 /* Products */,
			);
			sourceTree = "<group>";
		};
		34310B73252D4C1D004446D2 /* Products */ = {
			isa = PBXGroup;
			children = (
				34310B72252D4C1D004446D2 /* LearnSwiftUI.app */,
			);
			name = Products;
			sourceTree = "<group>";
		};
		34310B74252D4C1D004446D2 /* LearnSwiftUI */ = {
			isa = PBXGroup;
			children = (
				34310B89252D4E1E004446D2 /* Extensions */,
				34310B75252D4C1E004446D2 /* LearnSwiftUIApp.swift */,
				34310B79252D4C1F004446D2 /* Assets.xcassets */,
				34310B7E252D4C1F004446D2 /* Info.plist */,
				34310B7B252D4C1F004446D2 /* Preview Content */,
				34310B86252D4C9A004446D2 /* ViewA.swift */,
				34310B8D252D4ED6004446D2 /* ViewB.swift */,
				34310B90252D4F37004446D2 /* ViewC.swift */,
			);
			path = LearnSwiftUI;
			sourceTree = "<group>";
		};
		34310B7B252D4C1F004446D2 /* Preview Content */ = {
			isa = PBXGroup;
			children = (
				34310B7C252D4C1F004446D2 /* Preview Assets.xcassets */,
			);
			path = "Preview Content";
			sourceTree = "<group>";
		};
		34310B89252D4E1E004446D2 /* Extensions */ = {
			isa = PBXGroup;
			children = (
				34310B8A252D4E53004446D2 /* View+Extensions.swift */,
			);
			path = Extensions;
			sourceTree = "<group>";
		};
/* End PBXGroup section */

/* Begin PBXNativeTarget section */
		34310B71252D4C1D004446D2 /* LearnSwiftUI */ = {
			isa = PBXNativeTarget;
			buildConfigurationList = 34310B81252D4C1F004446D2 /* Build configuration list for PBXNativeTarget "LearnSwiftUI" */;
			buildPhases = (
				34310B6E252D4C1D004446D2 /* Sources */,
				34310B6F252D4C1D004446D2 /* Frameworks */,
				34310B70252D4C1D004446D2 /* Resources */,
			);
			buildRules = (
			);
			dependencies = (
			);
			name = LearnSwiftUI;
			productName = LearnSwiftUI;
			productReference = 34310B72252D4C1D004446D2 /* LearnSwiftUI.app */;
			productType = "com.apple.product-type.application";
		};
/* End PBXNativeTarget section */

/* Begin PBXProject section */
		34310B6A252D4C1D004446D2 /* Project object */ = {
			isa = PBXProject;
			attributes = {
				LastSwiftUpdateCheck = 1220;
				LastUpgradeCheck = 1220;
				TargetAttributes = {
					34310B71252D4C1D004446D2 = {
						CreatedOnToolsVersion = 12.2;
					};
				};
			};
			buildConfigurationList = 34310B6D252D4C1D004446D2 /* Build configuration list for PBXProject "LearnSwiftUI" */;
			compatibilityVersion = "Xcode 9.3";
			developmentRegion = en;
			hasScannedForEncodings = 0;
			knownRegions = (
				en,
				Base,
			);
			mainGroup = 34310B69252D4C1D004446D2;
			productRefGroup = 34310B73252D4C1D004446D2 /* Products */;
			projectDirPath = "";
			projectRoot = "";
			targets = (
				34310B71252D4C1D004446D2 /* LearnSwiftUI */,
			);
		};
/* End PBXProject section */

/* Begin PBXResourcesBuildPhase section */
		34310B70252D4C1D004446D2 /* Resources */ = {
			isa = PBXResourcesBuildPhase;
			buildActionMask = 2147483647;
			files = (
				34310B7D252D4C1F004446D2 /* Preview Assets.xcassets in Resources */,
				34310B7A252D4C1F004446D2 /* Assets.xcassets in Resources */,
			);
			runOnlyForDeploymentPostprocessing = 0;
		};
/* End PBXResourcesBuildPhase section */

/* Begin PBXSourcesBuildPhase section */
		34310B6E252D4C1D004446D2 /* Sources */ = {
			isa = PBXSourcesBuildPhase;
			buildActionMask = 2147483647;
			files = (
				34310B87252D4C9A004446D2 /* ViewA.swift in Sources */,
				34310B8B252D4E53004446D2 /* View+Extensions.swift in Sources */,
				34310B76252D4C1E004446D2 /* LearnSwiftUIApp.swift in Sources */,
				34310B91252D4F37004446D2 /* ViewC.swift in Sources */,
				34310B8E252D4ED6004446D2 /* ViewB.swift in Sources */,
			);
			runOnlyForDeploymentPostprocessing = 0;
		};
/* End PBXSourcesBuildPhase section */

/* Begin XCBuildConfiguration section */
		34310B7F252D4C1F004446D2 /* Debug */ = {
			isa = XCBuildConfiguration;
			buildSettings = {
				ALWAYS_SEARCH_USER_PATHS = NO;
				CLANG_ANALYZER_NONNULL = YES;
				CLANG_ANALYZER_NUMBER_OBJECT_CONVERSION = YES_AGGRESSIVE;
				CLANG_CXX_LANGUAGE_STANDARD = "gnu++14";
				CLANG_CXX_LIBRARY = "libc++";
				CLANG_ENABLE_MODULES = YES;
				CLANG_ENABLE_OBJC_ARC = YES;
				CLANG_ENABLE_OBJC_WEAK = YES;
				CLANG_WARN_BLOCK_CAPTURE_AUTORELEASING = YES;
				CLANG_WARN_BOOL_CONVERSION = YES;
				CLANG_WARN_COMMA = YES;
				CLANG_WARN_CONSTANT_CONVERSION = YES;
				CLANG_WARN_DEPRECATED_OBJC_IMPLEMENTATIONS = YES;
				CLANG_WARN_DIRECT_OBJC_ISA_USAGE = YES_ERROR;
				CLANG_WARN_DOCUMENTATION_COMMENTS = YES;
				CLANG_WARN_EMPTY_BODY = YES;
				CLANG_WARN_ENUM_CONVERSION = YES;
				CLANG_WARN_INFINITE_RECURSION = YES;
				CLANG_WARN_INT_CONVERSION = YES;
				CLANG_WARN_NON_LITERAL_NULL_CONVERSION = YES;
				CLANG_WARN_OBJC_IMPLICIT_RETAIN_SELF = YES;
				CLANG_WARN_OBJC_LITERAL_CONVERSION = YES;
				CLANG_WARN_OBJC_ROOT_CLASS = YES_ERROR;
				CLANG_WARN_QUOTED_INCLUDE_IN_FRAMEWORK_HEADER = YES;
				CLANG_WARN_RANGE_LOOP_ANALYSIS = YES;
				CLANG_WARN_STRICT_PROTOTYPES = YES;
				CLANG_WARN_SUSPICIOUS_MOVE = YES;
				CLANG_WARN_UNGUARDED_AVAILABILITY = YES_AGGRESSIVE;
				CLANG_WARN_UNREACHABLE_CODE = YES;
				CLANG_WARN__DUPLICATE_METHOD_MATCH = YES;
				COPY_PHASE_STRIP = NO;
				DEBUG_INFORMATION_FORMAT = dwarf;
				ENABLE_STRICT_OBJC_MSGSEND = YES;
				ENABLE_TESTABILITY = YES;
				GCC_C_LANGUAGE_STANDARD = gnu11;
				GCC_DYNAMIC_NO_PIC = NO;
				GCC_NO_COMMON_BLOCKS = YES;
				GCC_OPTIMIZATION_LEVEL = 0;
				GCC_PREPROCESSOR_DEFINITIONS = (
					"DEBUG=1",
					"$(inherited)",
				);
				GCC_WARN_64_TO_32_BIT_CONVERSION = YES;
				GCC_WARN_ABOUT_RETURN_TYPE = YES_ERROR;
				GCC_WARN_UNDECLARED_SELECTOR = YES;
				GCC_WARN_UNINITIALIZED_AUTOS = YES_AGGRESSIVE;
				GCC_WARN_UNUSED_FUNCTION = YES;
				GCC_WARN_UNUSED_VARIABLE = YES;
				IPHONEOS_DEPLOYMENT_TARGET = 14.2;
				MTL_ENABLE_DEBUG_INFO = INCLUDE_SOURCE;
				MTL_FAST_MATH = YES;
				ONLY_ACTIVE_ARCH = YES;
				SDKROOT = iphoneos;
				SWIFT_ACTIVE_COMPILATION_CONDITIONS = DEBUG;
				SWIFT_OPTIMIZATION_LEVEL = "-Onone";
			};
			name = Debug;
		};
		34310B80252D4C1F004446D2 /* Release */ = {
			isa = XCBuildConfiguration;
			buildSettings = {
				ALWAYS_SEARCH_USER_PATHS = NO;
				CLANG_ANALYZER_NONNULL = YES;
				CLANG_ANALYZER_NUMBER_OBJECT_CONVERSION = YES_AGGRESSIVE;
				CLANG_CXX_LANGUAGE_STANDARD = "gnu++14";
				CLANG_CXX_LIBRARY = "libc++";
				CLANG_ENABLE_MODULES = YES;
				CLANG_ENABLE_OBJC_ARC = YES;
				CLANG_ENABLE_OBJC_WEAK = YES;
				CLANG_WARN_BLOCK_CAPTURE_AUTORELEASING = YES;
				CLANG_WARN_BOOL_CONVERSION = YES;
				CLANG_WARN_COMMA = YES;
				CLANG_WARN_CONSTANT_CONVERSION = YES;
				CLANG_WARN_DEPRECATED_OBJC_IMPLEMENTATIONS = YES;
				CLANG_WARN_DIRECT_OBJC_ISA_USAGE = YES_ERROR;
				CLANG_WARN_DOCUMENTATION_COMMENTS = YES;
				CLANG_WARN_EMPTY_BODY = YES;
				CLANG_WARN_ENUM_CONVERSION = YES;
				CLANG_WARN_INFINITE_RECURSION = YES;
				CLANG_WARN_INT_CONVERSION = YES;
				CLANG_WARN_NON_LITERAL_NULL_CONVERSION = YES;
				CLANG_WARN_OBJC_IMPLICIT_RETAIN_SELF = YES;
				CLANG_WARN_OBJC_LITERAL_CONVERSION = YES;
				CLANG_WARN_OBJC_ROOT_CLASS = YES_ERROR;
				CLANG_WARN_QUOTED_INCLUDE_IN_FRAMEWORK_HEADER = YES;
				CLANG_WARN_RANGE_LOOP_ANALYSIS = YES;
				CLANG_WARN_STRICT_PROTOTYPES = YES;
				CLANG_WARN_SUSPICIOUS_MOVE = YES;
				CLANG_WARN_UNGUARDED_AVAILABILITY = YES_AGGRESSIVE;
				CLANG_WARN_UNREACHABLE_CODE = YES;
				CLANG_WARN__DUPLICATE_METHOD_MATCH = YES;
				COPY_PHASE_STRIP = NO;
				DEBUG_INFORMATION_FORMAT = "dwarf-with-dsym";
				ENABLE_NS_ASSERTIONS = NO;
				ENABLE_STRICT_OBJC_MSGSEND = YES;
				GCC_C_LANGUAGE_STANDARD = gnu11;
				GCC_NO_COMMON_BLOCKS = YES;
				GCC_WARN_64_TO_32_BIT_CONVERSION = YES;
				GCC_WARN_ABOUT_RETURN_TYPE = YES_ERROR;
				GCC_WARN_UNDECLARED_SELECTOR = YES;
				GCC_WARN_UNINITIALIZED_AUTOS = YES_AGGRESSIVE;
				GCC_WARN_UNUSED_FUNCTION = YES;
				GCC_WARN_UNUSED_VARIABLE = YES;
				IPHONEOS_DEPLOYMENT_TARGET = 14.2;
				MTL_ENABLE_DEBUG_INFO = NO;
				MTL_FAST_MATH = YES;
				SDKROOT = iphoneos;
				SWIFT_COMPILATION_MODE = wholemodule;
				SWIFT_OPTIMIZATION_LEVEL = "-O";
				VALIDATE_PRODUCT = YES;
			};
			name = Release;
		};
		34310B82252D4C1F004446D2 /* Debug */ = {
			isa = XCBuildConfiguration;
			buildSettings = {
				ASSETCATALOG_COMPILER_APPICON_NAME = AppIcon;
				ASSETCATALOG_COMPILER_GLOBAL_ACCENT_COLOR_NAME = AccentColor;
				CODE_SIGN_STYLE = Automatic;
				DEVELOPMENT_ASSET_PATHS = "\"LearnSwiftUI/Preview Content\"";
				DEVELOPMENT_TEAM = B2Q8EGNCQA;
				ENABLE_PREVIEWS = YES;
				INFOPLIST_FILE = LearnSwiftUI/Info.plist;
				IPHONEOS_DEPLOYMENT_TARGET = 14.0;
				LD_RUNPATH_SEARCH_PATHS = (
					"$(inherited)",
					"@executable_path/Frameworks",
				);
				PRODUCT_BUNDLE_IDENTIFIER = com.azamsharp.LearnSwiftUI;
				PRODUCT_NAME = "$(TARGET_NAME)";
				SWIFT_VERSION = 5.0;
				TARGETED_DEVICE_FAMILY = "1,2";
			};
			name = Debug;
		};
		34310B83252D4C1F004446D2 /* Release */ = {
			isa = XCBuildConfiguration;
			buildSettings = {
				ASSETCATALOG_COMPILER_APPICON_NAME = AppIcon;
				ASSETCATALOG_COMPILER_GLOBAL_ACCENT_COLOR_NAME = AccentColor;
				CODE_SIGN_STYLE = Automatic;
				DEVELOPMENT_ASSET_PATHS = "\"LearnSwiftUI/Preview Content\"";
				DEVELOPMENT_TEAM = B2Q8EGNCQA;
				ENABLE_PREVIEWS = YES;
				INFOPLIST_FILE = LearnSwiftUI/Info.plist;
				IPHONEOS_DEPLOYMENT_TARGET = 14.0;
				LD_RUNPATH_SEARCH_PATHS = (
					"$(inherited)",
					"@executable_path/Frameworks",
				);
				PRODUCT_BUNDLE_IDENTIFIER = com.azamsharp.LearnSwiftUI;
				PRODUCT_NAME = "$(TARGET_NAME)";
				SWIFT_VERSION = 5.0;
				TARGETED_DEVICE_FAMILY = "1,2";
			};
			name = Release;
		};
/* End XCBuildConfiguration section */

/* Begin XCConfigurationList section */
		34310B6D252D4C1D004446D2 /* Build configuration list for PBXProject "LearnSwiftUI" */ = {
			isa = XCConfigurationList;
			buildConfigurations = (
				34310B7F252D4C1F004446D2 /* Debug */,
				34310B80252D4C1F004446D2 /* Release */,
			);
			defaultConfigurationIsVisible = 0;
			defaultConfigurationName = Release;
		};
		34310B81252D4C1F004446D2 /* Build configuration list for PBXNativeTarget "LearnSwiftUI" */ = {
			isa = XCConfigurationList;
			buildConfigurations = (
				34310B82252D4C1F004446D2 /* Debug */,
				34310B83252D4C1F004446D2 /* Release */,
			);
			defaultConfigurationIsVisible = 0;
			defaultConfigurationName = Release;
		};
/* End XCConfigurationList section */
	};
	rootObject = 34310B6A252D4C1D004446D2 /* Project object */;
}
